PODS:
  - Alamofire (4.8.1)
  - AlamofireObjectMapper (5.2.0):
    - Alamofire (~> 4.7)
    - ObjectMapper (~> 3.4)
  - MJRefresh (3.1.15.7)
  - ObjectMapper (3.4.2)
  - SVProgressHUD (2.2.5)

DEPENDENCIES:
  - Alamofire
  - AlamofireObjectMapper
  - MJRefresh
  - SVProgressHUD

SPEC REPOS:
  https://github.com/cocoapods/specs.git:
    - Alamofire
    - AlamofireObjectMapper
    - MJRefresh
    - ObjectMapper
    - SVProgressHUD

SPEC CHECKSUMS:
  Alamofire: 16ce2c353fb72865124ddae8a57c5942388f4f11
  AlamofireObjectMapper: 92b6ce2423a9d159e686f6a1d514a009bf903ddc
  MJRefresh: 697f8ec75ebdbe9207767bb682cf0f51b0d8a41f
  ObjectMapper: 0d4402610f4e468903ae64629eec4784531e5c51
  SVProgressHUD: 1428aafac632c1f86f62aa4243ec12008d7a51d6

PODFILE CHECKSUM: 3c7e82d89beb248ab6eebe36a7f62ad0a626dd5f

COCOAPODS: 1.5.3
